<?xml version="1.0" encoding="UTF-8" standalone="yes" ?>
<CodeBlocks_project_file>
	<FileVersion major="1" minor="6" />
	<Project>
		<Option title="vj02.cpp" />
		<Option pch_mode="2" />
		<Option compiler="gcc" />
		<Build>
			<Target title="Debug">
				<Option output="bin/Debug/vj02" prefix_auto="1" extension_auto="1" />
				<Option object_output="obj/Debug/" />
				<Option type="1" />
				<Option compiler="gcc" />
				<Compiler>
					<Add option="-g" />
				</Compiler>
			</Target>
			<Target title="Release">
				<Option output="bin/Release/vj02" prefix_auto="1" extension_auto="1" />
				<Option object_output="obj/Release/" />
				<Option type="1" />
				<Option compiler="gcc" />
				<Compiler>
					<Add option="-O2" />
				</Compiler>
				<Linker>
					<Add option="-s" />
				</Linker>
			</Target>
		</Build>
		<Compiler>
			<Add option="-Wall" />
		</Compiler>
		<Unit filename="funkcije.cpp" />
		<Unit filename="funkcije.hpp" />
		<Unit filename="funkcije2.cpp" />
		<Unit filename="funkcije2.hpp" />
		<Unit filename="funkcije3.cpp" />
		<Unit filename="funkcije3.hpp" />
		<Unit filename="funkcije4.cpp" />
		<Unit filename="funkcije4.hpp" />
		<Unit filename="funkcije5.cpp" />
		<Unit filename="funkcije5.hpp" />
		<Unit filename="funkcije6.cpp" />
		<Unit filename="funkcije6.hpp" />
		<Unit filename="main.cpp" />
		<Unit filename="main2.cpp" />
		<Unit filename="main3.cpp" />
		<Unit filename="main4.cpp" />
		<Unit filename="main5.cpp" />
		<Unit filename="main6.cpp" />
		<Extensions />
	</Project>
</CodeBlocks_project_file>
